
Microsoft Visual Studio Solution File, Format Version 12.00
# Visual Studio Version 17
VisualStudioVersion = 17.5.33414.496
MinimumVisualStudioVersion = 10.0.40219.1
Project("{FAE04EC0-301F-11D3-BF4B-00C04F79EFBC}") = "Jira.Integration", "Jira.Integration.csproj", "{9791CA07-5E9C-4352-A31B-67CDBD2C0084}"
EndProject
Global
	GlobalSection(SolutionConfigurationPlatforms) = preSolution
		Debug|Any CPU = Debug|Any CPU
		Release|Any CPU = Release|Any CPU
	EndGlobalSection
	GlobalSection(ProjectConfigurationPlatforms) = postSolution
		{9791CA07-5E9C-4352-A31B-67CDBD2C0084}.Debug|Any CPU.ActiveCfg = Debug|Any CPU
		{9791CA07-5E9C-4352-A31B-67CDBD2C0084}.Debug|Any CPU.Build.0 = Debug|Any CPU
		{9791CA07-5E9C-4352-A31B-67CDBD2C0084}.Release|Any CPU.ActiveCfg = Release|Any CPU
		{9791CA07-5E9C-4352-A31B-67CDBD2C0084}.Release|Any CPU.Build.0 = Release|Any CPU
	EndGlobalSection
	GlobalSection(SolutionProperties) = preSolution
		HideSolutionNode = FALSE
	EndGlobalSection
	GlobalSection(ExtensibilityGlobals) = postSolution
		SolutionGuid = {419A2C96-EE85-44AD-89B9-91C67EF872D9}
	EndGlobalSection
EndGlobal
